// !$*UTF8*$!
{
	archiveVersion = 1;
	classes = {
	};
	objectVersion = 50;
	objects = {

/* Begin PBXBuildFile section */
		8646B509529FDA5328843600 /* Pods_SehatQTest.framework in Frameworks */ = {isa = PBXBuildFile; fileRef = 8AC70BBD23FD803D7BB7CB16 /* Pods_SehatQTest.framework */; };
		BAF1F7B123369CEC008BD1FF /* AppDelegate.swift in Sources */ = {isa = PBXBuildFile; fileRef = BAF1F7B023369CEC008BD1FF /* AppDelegate.swift */; };
		BAF1F7B923369CEC008BD1FF /* SehatQTest.xcdatamodeld in Sources */ = {isa = PBXBuildFile; fileRef = BAF1F7B723369CEC008BD1FF /* SehatQTest.xcdatamodeld */; };
		BAF1F7BB23369CED008BD1FF /* Assets.xcassets in Resources */ = {isa = PBXBuildFile; fileRef = BAF1F7BA23369CED008BD1FF /* Assets.xcassets */; };
		BAF1F7BE23369CED008BD1FF /* LaunchScreen.storyboard in Resources */ = {isa = PBXBuildFile; fileRef = BAF1F7BC23369CED008BD1FF /* LaunchScreen.storyboard */; };
		BAF1F7C62336A224008BD1FF /* LoginVC.swift in Sources */ = {isa = PBXBuildFile; fileRef = BAF1F7C52336A224008BD1FF /* LoginVC.swift */; };
		BAF1F7C92336A4D3008BD1FF /* FavoritesVC.swift in Sources */ = {isa = PBXBuildFile; fileRef = BAF1F7C82336A4D3008BD1FF /* FavoritesVC.swift */; };
		BAF1F7CB2336A4EC008BD1FF /* DownloadsVC.swift in Sources */ = {isa = PBXBuildFile; fileRef = BAF1F7CA2336A4EC008BD1FF /* DownloadsVC.swift */; };
		BAF1F7D0233754A6008BD1FF /* LoginVC.xib in Resources */ = {isa = PBXBuildFile; fileRef = BAF1F7CF233754A6008BD1FF /* LoginVC.xib */; };
		BAF1F7D22337EB28008BD1FF /* klien_265540153209-kf9n617pqjqai36cfepi06j9sre44ikl.apps.googleusercontent.com.plist in Resources */ = {isa = PBXBuildFile; fileRef = BAF1F7D12337EB27008BD1FF /* klien_265540153209-kf9n617pqjqai36cfepi06j9sre44ikl.apps.googleusercontent.com.plist */; };
		BAF1F7D52337F51D008BD1FF /* StoreKit.framework in Frameworks */ = {isa = PBXBuildFile; fileRef = BAF1F7D42337F51D008BD1FF /* StoreKit.framework */; };
		BAF1F7D72337F528008BD1FF /* AddressBook.framework in Frameworks */ = {isa = PBXBuildFile; fileRef = BAF1F7D62337F528008BD1FF /* AddressBook.framework */; };
		BAF1F7D92337F530008BD1FF /* SystemConfiguration.framework in Frameworks */ = {isa = PBXBuildFile; fileRef = BAF1F7D82337F530008BD1FF /* SystemConfiguration.framework */; };
		BAF1F7DC2337FCCB008BD1FF /* BaseViewController.swift in Sources */ = {isa = PBXBuildFile; fileRef = BAF1F7DB2337FCCB008BD1FF /* BaseViewController.swift */; };
/* End PBXBuildFile section */

/* Begin PBXFileReference section */
		5F3848B68949E7A604D83F71 /* Pods-SehatQTest.release.xcconfig */ = {isa = PBXFileReference; includeInIndex = 1; lastKnownFileType = text.xcconfig; name = "Pods-SehatQTest.release.xcconfig"; path = "Target Support Files/Pods-SehatQTest/Pods-SehatQTest.release.xcconfig"; sourceTree = "<group>"; };
		64A2B169390E583E3C93391D /* Pods-SehatQTest.debug.xcconfig */ = {isa = PBXFileReference; includeInIndex = 1; lastKnownFileType = text.xcconfig; name = "Pods-SehatQTest.debug.xcconfig"; path = "Target Support Files/Pods-SehatQTest/Pods-SehatQTest.debug.xcconfig"; sourceTree = "<group>"; };
		8AC70BBD23FD803D7BB7CB16 /* Pods_SehatQTest.framework */ = {isa = PBXFileReference; explicitFileType = wrapper.framework; includeInIndex = 0; path = Pods_SehatQTest.framework; sourceTree = BUILT_PRODUCTS_DIR; };
		BAF1F7AD23369CEC008BD1FF /* SehatQTest.app */ = {isa = PBXFileReference; explicitFileType = wrapper.application; includeInIndex = 0; path = SehatQTest.app; sourceTree = BUILT_PRODUCTS_DIR; };
		BAF1F7B023369CEC008BD1FF /* AppDelegate.swift */ = {isa = PBXFileReference; lastKnownFileType = sourcecode.swift; path = AppDelegate.swift; sourceTree = "<group>"; };
		BAF1F7B823369CEC008BD1FF /* SehatQTest.xcdatamodel */ = {isa = PBXFileReference; lastKnownFileType = wrapper.xcdatamodel; path = SehatQTest.xcdatamodel; sourceTree = "<group>"; };
		BAF1F7BA23369CED008BD1FF /* Assets.xcassets */ = {isa = PBXFileReference; lastKnownFileType = folder.assetcatalog; path = Assets.xcassets; sourceTree = "<group>"; };
		BAF1F7BD23369CED008BD1FF /* Base */ = {isa = PBXFileReference; lastKnownFileType = file.storyboard; name = Base; path = Base.lproj/LaunchScreen.storyboard; sourceTree = "<group>"; };
		BAF1F7BF23369CED008BD1FF /* Info.plist */ = {isa = PBXFileReference; lastKnownFileType = text.plist.xml; path = Info.plist; sourceTree = "<group>"; };
		BAF1F7C52336A224008BD1FF /* LoginVC.swift */ = {isa = PBXFileReference; lastKnownFileType = sourcecode.swift; path = LoginVC.swift; sourceTree = "<group>"; };
		BAF1F7C82336A4D3008BD1FF /* FavoritesVC.swift */ = {isa = PBXFileReference; lastKnownFileType = sourcecode.swift; path = FavoritesVC.swift; sourceTree = "<group>"; };
		BAF1F7CA2336A4EC008BD1FF /* DownloadsVC.swift */ = {isa = PBXFileReference; lastKnownFileType = sourcecode.swift; path = DownloadsVC.swift; sourceTree = "<group>"; };
		BAF1F7CF233754A6008BD1FF /* LoginVC.xib */ = {isa = PBXFileReference; lastKnownFileType = file.xib; path = LoginVC.xib; sourceTree = "<group>"; };
		BAF1F7D12337EB27008BD1FF /* klien_265540153209-kf9n617pqjqai36cfepi06j9sre44ikl.apps.googleusercontent.com.plist */ = {isa = PBXFileReference; fileEncoding = 4; lastKnownFileType = text.plist.xml; name = "klien_265540153209-kf9n617pqjqai36cfepi06j9sre44ikl.apps.googleusercontent.com.plist"; path = "../../../Documents/gambar tas/klien_265540153209-kf9n617pqjqai36cfepi06j9sre44ikl.apps.googleusercontent.com.plist"; sourceTree = "<group>"; };
		BAF1F7D32337EE92008BD1FF /* SehatQBridgingHeader.h */ = {isa = PBXFileReference; lastKnownFileType = sourcecode.c.h; name = SehatQBridgingHeader.h; path = ../../../Documents/IOS/Manis/Manis/SehatQBridgingHeader.h; sourceTree = "<group>"; };
		BAF1F7D42337F51D008BD1FF /* StoreKit.framework */ = {isa = PBXFileReference; lastKnownFileType = wrapper.framework; name = StoreKit.framework; path = System/Library/Frameworks/StoreKit.framework; sourceTree = SDKROOT; };
		BAF1F7D62337F528008BD1FF /* AddressBook.framework */ = {isa = PBXFileReference; lastKnownFileType = wrapper.framework; name = AddressBook.framework; path = System/Library/Frameworks/AddressBook.framework; sourceTree = SDKROOT; };
		BAF1F7D82337F530008BD1FF /* SystemConfiguration.framework */ = {isa = PBXFileReference; lastKnownFileType = wrapper.framework; name = SystemConfiguration.framework; path = System/Library/Frameworks/SystemConfiguration.framework; sourceTree = SDKROOT; };
		BAF1F7DB2337FCCB008BD1FF /* BaseViewController.swift */ = {isa = PBXFileReference; lastKnownFileType = sourcecode.swift; path = BaseViewController.swift; sourceTree = "<group>"; };
/* End PBXFileReference section */

/* Begin PBXFrameworksBuildPhase section */
		BAF1F7AA23369CEC008BD1FF /* Frameworks */ = {
			isa = PBXFrameworksBuildPhase;
			buildActionMask = 2147483647;
			files = (
				BAF1F7D92337F530008BD1FF /* SystemConfiguration.framework in Frameworks */,
				BAF1F7D72337F528008BD1FF /* AddressBook.framework in Frameworks */,
				BAF1F7D52337F51D008BD1FF /* StoreKit.framework in Frameworks */,
				8646B509529FDA5328843600 /* Pods_SehatQTest.framework in Frameworks */,
			);
			runOnlyForDeploymentPostprocessing = 0;
		};
/* End PBXFrameworksBuildPhase section */

/* Begin PBXGroup section */
		459022D61E4D31C1C60F9194 /* Frameworks */ = {
			isa = PBXGroup;
			children = (
				BAF1F7D82337F530008BD1FF /* SystemConfiguration.framework */,
				BAF1F7D62337F528008BD1FF /* AddressBook.framework */,
				BAF1F7D42337F51D008BD1FF /* StoreKit.framework */,
				8AC70BBD23FD803D7BB7CB16 /* Pods_SehatQTest.framework */,
			);
			name = Frameworks;
			sourceTree = "<group>";
		};
		809AF15367399D9DE7678C4C /* Pods */ = {
			isa = PBXGroup;
			children = (
				64A2B169390E583E3C93391D /* Pods-SehatQTest.debug.xcconfig */,
				5F3848B68949E7A604D83F71 /* Pods-SehatQTest.release.xcconfig */,
			);
			path = Pods;
			sourceTree = "<group>";
		};
		BAF1F7A423369CEC008BD1FF = {
			isa = PBXGroup;
			children = (
				BAF1F7AF23369CEC008BD1FF /* SehatQTest */,
				BAF1F7AE23369CEC008BD1FF /* Products */,
				809AF15367399D9DE7678C4C /* Pods */,
				459022D61E4D31C1C60F9194 /* Frameworks */,
			);
			sourceTree = "<group>";
		};
		BAF1F7AE23369CEC008BD1FF /* Products */ = {
			isa = PBXGroup;
			children = (
				BAF1F7AD23369CEC008BD1FF /* SehatQTest.app */,
			);
			name = Products;
			sourceTree = "<group>";
		};
		BAF1F7AF23369CEC008BD1FF /* SehatQTest */ = {
			isa = PBXGroup;
			children = (
				BAF1F7DA2337FCAB008BD1FF /* Base */,
				BAF1F7D32337EE92008BD1FF /* SehatQBridgingHeader.h */,
				BAF1F7D12337EB27008BD1FF /* klien_265540153209-kf9n617pqjqai36cfepi06j9sre44ikl.apps.googleusercontent.com.plist */,
				BAF1F7CC23375320008BD1FF /* Login */,
				BAF1F7C72336A4B6008BD1FF /* Home */,
				BAF1F7B023369CEC008BD1FF /* AppDelegate.swift */,
				BAF1F7BA23369CED008BD1FF /* Assets.xcassets */,
				BAF1F7BC23369CED008BD1FF /* LaunchScreen.storyboard */,
				BAF1F7BF23369CED008BD1FF /* Info.plist */,
				BAF1F7B723369CEC008BD1FF /* SehatQTest.xcdatamodeld */,
			);
			path = SehatQTest;
			sourceTree = "<group>";
		};
		BAF1F7C72336A4B6008BD1FF /* Home */ = {
			isa = PBXGroup;
			children = (
				BAF1F7C82336A4D3008BD1FF /* FavoritesVC.swift */,
				BAF1F7CA2336A4EC008BD1FF /* DownloadsVC.swift */,
			);
			path = Home;
			sourceTree = "<group>";
		};
		BAF1F7CC23375320008BD1FF /* Login */ = {
			isa = PBXGroup;
			children = (
				BAF1F7C52336A224008BD1FF /* LoginVC.swift */,
				BAF1F7CF233754A6008BD1FF /* LoginVC.xib */,
			);
			path = Login;
			sourceTree = "<group>";
		};
		BAF1F7DA2337FCAB008BD1FF /* Base */ = {
			isa = PBXGroup;
			children = (
				BAF1F7DB2337FCCB008BD1FF /* BaseViewController.swift */,
			);
			path = Base;
			sourceTree = "<group>";
		};
/* End PBXGroup section */

/* Begin PBXNativeTarget section */
		BAF1F7AC23369CEC008BD1FF /* SehatQTest */ = {
			isa = PBXNativeTarget;
			buildConfigurationList = BAF1F7C223369CED008BD1FF /* Build configuration list for PBXNativeTarget "SehatQTest" */;
			buildPhases = (
				F36116F08AEC176A198C33B4 /* [CP] Check Pods Manifest.lock */,
				BAF1F7A923369CEC008BD1FF /* Sources */,
				BAF1F7AA23369CEC008BD1FF /* Frameworks */,
				BAF1F7AB23369CEC008BD1FF /* Resources */,
				3DA6203C103CA4481ADD3EA1 /* [CP] Embed Pods Frameworks */,
				03D5E8035F9839F0AE2B642C /* [CP] Copy Pods Resources */,
			);
			buildRules = (
			);
			dependencies = (
			);
			name = SehatQTest;
			productName = SehatQTest;
			productReference = BAF1F7AD23369CEC008BD1FF /* SehatQTest.app */;
			productType = "com.apple.product-type.application";
		};
/* End PBXNativeTarget section */

/* Begin PBXProject section */
		BAF1F7A523369CEC008BD1FF /* Project object */ = {
			isa = PBXProject;
			attributes = {
				LastSwiftUpdateCheck = 0930;
				LastUpgradeCheck = 0930;
				ORGANIZATIONNAME = "putra rolli";
				TargetAttributes = {
					BAF1F7AC23369CEC008BD1FF = {
						CreatedOnToolsVersion = 9.3.1;
					};
				};
			};
			buildConfigurationList = BAF1F7A823369CEC008BD1FF /* Build configuration list for PBXProject "SehatQTest" */;
			compatibilityVersion = "Xcode 9.3";
			developmentRegion = en;
			hasScannedForEncodings = 0;
			knownRegions = (
				en,
				Base,
			);
			mainGroup = BAF1F7A423369CEC008BD1FF;
			productRefGroup = BAF1F7AE23369CEC008BD1FF /* Products */;
			projectDirPath = "";
			projectRoot = "";
			targets = (
				BAF1F7AC23369CEC008BD1FF /* SehatQTest */,
			);
		};
/* End PBXProject section */

/* Begin PBXResourcesBuildPhase section */
		BAF1F7AB23369CEC008BD1FF /* Resources */ = {
			isa = PBXResourcesBuildPhase;
			buildActionMask = 2147483647;
			files = (
				BAF1F7D0233754A6008BD1FF /* LoginVC.xib in Resources */,
				BAF1F7BE23369CED008BD1FF /* LaunchScreen.storyboard in Resources */,
				BAF1F7D22337EB28008BD1FF /* klien_265540153209-kf9n617pqjqai36cfepi06j9sre44ikl.apps.googleusercontent.com.plist in Resources */,
				BAF1F7BB23369CED008BD1FF /* Assets.xcassets in Resources */,
			);
			runOnlyForDeploymentPostprocessing = 0;
		};
/* End PBXResourcesBuildPhase section */

/* Begin PBXShellScriptBuildPhase section */
		03D5E8035F9839F0AE2B642C /* [CP] Copy Pods Resources */ = {
			isa = PBXShellScriptBuildPhase;
			buildActionMask = 2147483647;
			files = (
			);
			name = "[CP] Copy Pods Resources";
			runOnlyForDeploymentPostprocessing = 0;
			shellPath = /bin/sh;
			shellScript = "\"${PODS_ROOT}/Target Support Files/Pods-SehatQTest/Pods-SehatQTest-resources.sh\"\n";
			showEnvVarsInLog = 0;
		};
		3DA6203C103CA4481ADD3EA1 /* [CP] Embed Pods Frameworks */ = {
			isa = PBXShellScriptBuildPhase;
			buildActionMask = 2147483647;
			files = (
			);
			name = "[CP] Embed Pods Frameworks";
			runOnlyForDeploymentPostprocessing = 0;
			shellPath = /bin/sh;
			shellScript = "\"${PODS_ROOT}/Target Support Files/Pods-SehatQTest/Pods-SehatQTest-frameworks.sh\"\n";
			showEnvVarsInLog = 0;
		};
		F36116F08AEC176A198C33B4 /* [CP] Check Pods Manifest.lock */ = {
			isa = PBXShellScriptBuildPhase;
			buildActionMask = 2147483647;
			files = (
			);
			inputPaths = (
				"${PODS_PODFILE_DIR_PATH}/Podfile.lock",
				"${PODS_ROOT}/Manifest.lock",
			);
			name = "[CP] Check Pods Manifest.lock";
			outputPaths = (
				"$(DERIVED_FILE_DIR)/Pods-SehatQTest-checkManifestLockResult.txt",
			);
			runOnlyForDeploymentPostprocessing = 0;
			shellPath = /bin/sh;
			shellScript = "diff \"${PODS_PODFILE_DIR_PATH}/Podfile.lock\" \"${PODS_ROOT}/Manifest.lock\" > /dev/null\nif [ $? != 0 ] ; then\n    # print error to STDERR\n    echo \"error: The sandbox is not in sync with the Podfile.lock. Run 'pod install' or update your CocoaPods installation.\" >&2\n    exit 1\nfi\n# This output is used by Xcode 'outputs' to avoid re-running this script phase.\necho \"SUCCESS\" > \"${SCRIPT_OUTPUT_FILE_0}\"\n";
			showEnvVarsInLog = 0;
		};
/* End PBXShellScriptBuildPhase section */

/* Begin PBXSourcesBuildPhase section */
		BAF1F7A923369CEC008BD1FF /* Sources */ = {
			isa = PBXSourcesBuildPhase;
			buildActionMask = 2147483647;
			files = (
				BAF1F7CB2336A4EC008BD1FF /* DownloadsVC.swift in Sources */,
				BAF1F7B123369CEC008BD1FF /* AppDelegate.swift in Sources */,
				BAF1F7C62336A224008BD1FF /* LoginVC.swift in Sources */,
				BAF1F7B923369CEC008BD1FF /* SehatQTest.xcdatamodeld in Sources */,
				BAF1F7DC2337FCCB008BD1FF /* BaseViewController.swift in Sources */,
				BAF1F7C92336A4D3008BD1FF /* FavoritesVC.swift in Sources */,
			);
			runOnlyForDeploymentPostprocessing = 0;
		};
/* End PBXSourcesBuildPhase section */

/* Begin PBXVariantGroup section */
		BAF1F7BC23369CED008BD1FF /* LaunchScreen.storyboard */ = {
			isa = PBXVariantGroup;
			children = (
				BAF1F7BD23369CED008BD1FF /* Base */,
			);
			name = LaunchScreen.storyboard;
			sourceTree = "<group>";
		};
/* End PBXVariantGroup section */

/* Begin XCBuildConfiguration section */
		BAF1F7C023369CED008BD1FF /* Debug */ = {
			isa = XCBuildConfiguration;
			buildSettings = {
				ALWAYS_SEARCH_USER_PATHS = NO;
				CLANG_ANALYZER_NONNULL = YES;
				CLANG_ANALYZER_NUMBER_OBJECT_CONVERSION = YES_AGGRESSIVE;
				CLANG_CXX_LANGUAGE_STANDARD = "gnu++14";
				CLANG_CXX_LIBRARY = "libc++";
				CLANG_ENABLE_MODULES = YES;
				CLANG_ENABLE_OBJC_ARC = YES;
				CLANG_ENABLE_OBJC_WEAK = YES;
				CLANG_WARN_BLOCK_CAPTURE_AUTORELEASING = YES;
				CLANG_WARN_BOOL_CONVERSION = YES;
				CLANG_WARN_COMMA = YES;
				CLANG_WARN_CONSTANT_CONVERSION = YES;
				CLANG_WARN_DEPRECATED_OBJC_IMPLEMENTATIONS = YES;
				CLANG_WARN_DIRECT_OBJC_ISA_USAGE = YES_ERROR;
				CLANG_WARN_DOCUMENTATION_COMMENTS = YES;
				CLANG_WARN_EMPTY_BODY = YES;
				CLANG_WARN_ENUM_CONVERSION = YES;
				CLANG_WARN_INFINITE_RECURSION = YES;
				CLANG_WARN_INT_CONVERSION = YES;
				CLANG_WARN_NON_LITERAL_NULL_CONVERSION = YES;
				CLANG_WARN_OBJC_IMPLICIT_RETAIN_SELF = YES;
				CLANG_WARN_OBJC_LITERAL_CONVERSION = YES;
				CLANG_WARN_OBJC_ROOT_CLASS = YES_ERROR;
				CLANG_WARN_RANGE_LOOP_ANALYSIS = YES;
				CLANG_WARN_STRICT_PROTOTYPES = YES;
				CLANG_WARN_SUSPICIOUS_MOVE = YES;
				CLANG_WARN_UNGUARDED_AVAILABILITY = YES_AGGRESSIVE;
				CLANG_WARN_UNREACHABLE_CODE = YES;
				CLANG_WARN__DUPLICATE_METHOD_MATCH = YES;
				CODE_SIGN_IDENTITY = "iPhone Developer";
				COPY_PHASE_STRIP = NO;
				DEBUG_INFORMATION_FORMAT = dwarf;
				ENABLE_STRICT_OBJC_MSGSEND = YES;
				ENABLE_TESTABILITY = YES;
				GCC_C_LANGUAGE_STANDARD = gnu11;
				GCC_DYNAMIC_NO_PIC = NO;
				GCC_NO_COMMON_BLOCKS = YES;
				GCC_OPTIMIZATION_LEVEL = 0;
				GCC_PREPROCESSOR_DEFINITIONS = (
					"DEBUG=1",
					"$(inherited)",
				);
				GCC_WARN_64_TO_32_BIT_CONVERSION = YES;
				GCC_WARN_ABOUT_RETURN_TYPE = YES_ERROR;
				GCC_WARN_UNDECLARED_SELECTOR = YES;
				GCC_WARN_UNINITIALIZED_AUTOS = YES_AGGRESSIVE;
				GCC_WARN_UNUSED_FUNCTION = YES;
				GCC_WARN_UNUSED_VARIABLE = YES;
				IPHONEOS_DEPLOYMENT_TARGET = 11.3;
				MTL_ENABLE_DEBUG_INFO = YES;
				ONLY_ACTIVE_ARCH = YES;
				OTHER_LDFLAGS = "-ObjC";
				SDKROOT = iphoneos;
				SWIFT_ACTIVE_COMPILATION_CONDITIONS = DEBUG;
				SWIFT_OPTIMIZATION_LEVEL = "-Onone";
				SWIFT_VERSION = 4.0;
			};
			name = Debug;
		};
		BAF1F7C123369CED008BD1FF /* Release */ = {
			isa = XCBuildConfiguration;
			buildSettings = {
				ALWAYS_SEARCH_USER_PATHS = NO;
				CLANG_ANALYZER_NONNULL = YES;
				CLANG_ANALYZER_NUMBER_OBJECT_CONVERSION = YES_AGGRESSIVE;
				CLANG_CXX_LANGUAGE_STANDARD = "gnu++14";
				CLANG_CXX_LIBRARY = "libc++";
				CLANG_ENABLE_MODULES = YES;
				CLANG_ENABLE_OBJC_ARC = YES;
				CLANG_ENABLE_OBJC_WEAK = YES;
				CLANG_WARN_BLOCK_CAPTURE_AUTORELEASING = YES;
				CLANG_WARN_BOOL_CONVERSION = YES;
				CLANG_WARN_COMMA = YES;
				CLANG_WARN_CONSTANT_CONVERSION = YES;
				CLANG_WARN_DEPRECATED_OBJC_IMPLEMENTATIONS = YES;
				CLANG_WARN_DIRECT_OBJC_ISA_USAGE = YES_ERROR;
				CLANG_WARN_DOCUMENTATION_COMMENTS = YES;
				CLANG_WARN_EMPTY_BODY = YES;
				CLANG_WARN_ENUM_CONVERSION = YES;
				CLANG_WARN_INFINITE_RECURSION = YES;
				CLANG_WARN_INT_CONVERSION = YES;
				CLANG_WARN_NON_LITERAL_NULL_CONVERSION = YES;
				CLANG_WARN_OBJC_IMPLICIT_RETAIN_SELF = YES;
				CLANG_WARN_OBJC_LITERAL_CONVERSION = YES;
				CLANG_WARN_OBJC_ROOT_CLASS = YES_ERROR;
				CLANG_WARN_RANGE_LOOP_ANALYSIS = YES;
				CLANG_WARN_STRICT_PROTOTYPES = YES;
				CLANG_WARN_SUSPICIOUS_MOVE = YES;
				CLANG_WARN_UNGUARDED_AVAILABILITY = YES_AGGRESSIVE;
				CLANG_WARN_UNREACHABLE_CODE = YES;
				CLANG_WARN__DUPLICATE_METHOD_MATCH = YES;
				CODE_SIGN_IDENTITY = "iPhone Developer";
				COPY_PHASE_STRIP = NO;
				DEBUG_INFORMATION_FORMAT = "dwarf-with-dsym";
				ENABLE_NS_ASSERTIONS = NO;
				ENABLE_STRICT_OBJC_MSGSEND = YES;
				GCC_C_LANGUAGE_STANDARD = gnu11;
				GCC_NO_COMMON_BLOCKS = YES;
				GCC_WARN_64_TO_32_BIT_CONVERSION = YES;
				GCC_WARN_ABOUT_RETURN_TYPE = YES_ERROR;
				GCC_WARN_UNDECLARED_SELECTOR = YES;
				GCC_WARN_UNINITIALIZED_AUTOS = YES_AGGRESSIVE;
				GCC_WARN_UNUSED_FUNCTION = YES;
				GCC_WARN_UNUSED_VARIABLE = YES;
				IPHONEOS_DEPLOYMENT_TARGET = 11.3;
				MTL_ENABLE_DEBUG_INFO = NO;
				OTHER_LDFLAGS = "-ObjC";
				SDKROOT = iphoneos;
				SWIFT_COMPILATION_MODE = wholemodule;
				SWIFT_OPTIMIZATION_LEVEL = "-O";
				SWIFT_VERSION = 4.0;
				VALIDATE_PRODUCT = YES;
			};
			name = Release;
		};
		BAF1F7C323369CED008BD1FF /* Debug */ = {
			isa = XCBuildConfiguration;
			baseConfigurationReference = 64A2B169390E583E3C93391D /* Pods-SehatQTest.debug.xcconfig */;
			buildSettings = {
				ASSETCATALOG_COMPILER_APPICON_NAME = AppIcon;
				CODE_SIGN_STYLE = Automatic;
				DEVELOPMENT_TEAM = 265TZA7NAT;
				INFOPLIST_FILE = SehatQTest/Info.plist;
				IPHONEOS_DEPLOYMENT_TARGET = 10.0;
				LD_RUNPATH_SEARCH_PATHS = (
					"$(inherited)",
					"@executable_path/Frameworks",
				);
				PRODUCT_BUNDLE_IDENTIFIER = SehatQ.SehatQTest;
				PRODUCT_NAME = "$(TARGET_NAME)";
				SWIFT_VERSION = 4.0;
				TARGETED_DEVICE_FAMILY = "1,2";
			};
			name = Debug;
		};
		BAF1F7C423369CED008BD1FF /* Release */ = {
			isa = XCBuildConfiguration;
			baseConfigurationReference = 5F3848B68949E7A604D83F71 /* Pods-SehatQTest.release.xcconfig */;
			buildSettings = {
				ASSETCATALOG_COMPILER_APPICON_NAME = AppIcon;
				CODE_SIGN_STYLE = Automatic;
				DEVELOPMENT_TEAM = 265TZA7NAT;
				INFOPLIST_FILE = SehatQTest/Info.plist;
				IPHONEOS_DEPLOYMENT_TARGET = 10.0;
				LD_RUNPATH_SEARCH_PATHS = (
					"$(inherited)",
					"@executable_path/Frameworks",
				);
				PRODUCT_BUNDLE_IDENTIFIER = SehatQ.SehatQTest;
				PRODUCT_NAME = "$(TARGET_NAME)";
				SWIFT_VERSION = 4.0;
				TARGETED_DEVICE_FAMILY = "1,2";
			};
			name = Release;
		};
/* End XCBuildConfiguration section */

/* Begin XCConfigurationList section */
		BAF1F7A823369CEC008BD1FF /* Build configuration list for PBXProject "SehatQTest" */ = {
			isa = XCConfigurationList;
			buildConfigurations = (
				BAF1F7C023369CED008BD1FF /* Debug */,
				BAF1F7C123369CED008BD1FF /* Release */,
			);
			defaultConfigurationIsVisible = 0;
			defaultConfigurationName = Release;
		};
		BAF1F7C223369CED008BD1FF /* Build configuration list for PBXNativeTarget "SehatQTest" */ = {
			isa = XCConfigurationList;
			buildConfigurations = (
				BAF1F7C323369CED008BD1FF /* Debug */,
				BAF1F7C423369CED008BD1FF /* Release */,
			);
			defaultConfigurationIsVisible = 0;
			defaultConfigurationName = Release;
		};
/* End XCConfigurationList section */

/* Begin XCVersionGroup section */
		BAF1F7B723369CEC008BD1FF /* SehatQTest.xcdatamodeld */ = {
			isa = XCVersionGroup;
			children = (
				BAF1F7B823369CEC008BD1FF /* SehatQTest.xcdatamodel */,
			);
			currentVersion = BAF1F7B823369CEC008BD1FF /* SehatQTest.xcdatamodel */;
			path = SehatQTest.xcdatamodeld;
			sourceTree = "<group>";
			versionGroupType = wrapper.xcdatamodel;
		};
/* End XCVersionGroup section */
	};
	rootObject = BAF1F7A523369CEC008BD1FF /* Project object */;
}
